// !$*UTF8*$!
{
	archiveVersion = 1;
	classes = {
	};
	objectVersion = 46;
	objects = {

/* Begin PBXBuildFile section */
		E57F61501F160945008A99D0 /* AppDelegate.swift in Sources */ = {isa = PBXBuildFile; fileRef = E57F614F1F160945008A99D0 /* AppDelegate.swift */; };
		E57F61521F160945008A99D0 /* ViewController.swift in Sources */ = {isa = PBXBuildFile; fileRef = E57F61511F160945008A99D0 /* ViewController.swift */; };
		E57F61551F160945008A99D0 /* Main.storyboard in Resources */ = {isa = PBXBuildFile; fileRef = E57F61531F160945008A99D0 /* Main.storyboard */; };
		E57F61571F160945008A99D0 /* Assets.xcassets in Resources */ = {isa = PBXBuildFile; fileRef = E57F61561F160945008A99D0 /* Assets.xcassets */; };
		E57F615A1F160945008A99D0 /* LaunchScreen.storyboard in Resources */ = {isa = PBXBuildFile; fileRef = E57F61581F160945008A99D0 /* LaunchScreen.storyboard */; };
		E57F61651F160945008A99D0 /* testPIDTests.swift in Sources */ = {isa = PBXBuildFile; fileRef = E57F61641F160945008A99D0 /* testPIDTests.swift */; };
		E57F61701F160945008A99D0 /* testPIDUITests.swift in Sources */ = {isa = PBXBuildFile; fileRef = E57F616F1F160945008A99D0 /* testPIDUITests.swift */; };
		E57F61BF1F1657DC008A99D0 /* Result.swift in Sources */ = {isa = PBXBuildFile; fileRef = E57F61B81F1657DC008A99D0 /* Result.swift */; };
		E57F61C01F1657DC008A99D0 /* Socket.swift in Sources */ = {isa = PBXBuildFile; fileRef = E57F61B91F1657DC008A99D0 /* Socket.swift */; };
		E57F61C11F1657DC008A99D0 /* TCPClient.swift in Sources */ = {isa = PBXBuildFile; fileRef = E57F61BB1F1657DC008A99D0 /* TCPClient.swift */; };
		E57F61C21F1657DC008A99D0 /* UDPClient.swift in Sources */ = {isa = PBXBuildFile; fileRef = E57F61BC1F1657DC008A99D0 /* UDPClient.swift */; };
		E57F61C31F1657DC008A99D0 /* ytcpsocket.c in Sources */ = {isa = PBXBuildFile; fileRef = E57F61BD1F1657DC008A99D0 /* ytcpsocket.c */; };
		E57F61C41F1657DC008A99D0 /* yudpsocket.c in Sources */ = {isa = PBXBuildFile; fileRef = E57F61BE1F1657DC008A99D0 /* yudpsocket.c */; };
/* End PBXBuildFile section */

/* Begin PBXContainerItemProxy section */
		E57F61611F160945008A99D0 /* PBXContainerItemProxy */ = {
			isa = PBXContainerItemProxy;
			containerPortal = E57F61441F160945008A99D0 /* Project object */;
			proxyType = 1;
			remoteGlobalIDString = E57F614B1F160945008A99D0;
			remoteInfo = testPID;
		};
		E57F616C1F160945008A99D0 /* PBXContainerItemProxy */ = {
			isa = PBXContainerItemProxy;
			containerPortal = E57F61441F160945008A99D0 /* Project object */;
			proxyType = 1;
			remoteGlobalIDString = E57F614B1F160945008A99D0;
			remoteInfo = testPID;
		};
/* End PBXContainerItemProxy section */

/* Begin PBXFileReference section */
		E57F614C1F160945008A99D0 /* testPID.app */ = {isa = PBXFileReference; explicitFileType = wrapper.application; includeInIndex = 0; path = testPID.app; sourceTree = BUILT_PRODUCTS_DIR; };
		E57F614F1F160945008A99D0 /* AppDelegate.swift */ = {isa = PBXFileReference; lastKnownFileType = sourcecode.swift; path = AppDelegate.swift; sourceTree = "<group>"; };
		E57F61511F160945008A99D0 /* ViewController.swift */ = {isa = PBXFileReference; lastKnownFileType = sourcecode.swift; path = ViewController.swift; sourceTree = "<group>"; };
		E57F61541F160945008A99D0 /* Base */ = {isa = PBXFileReference; lastKnownFileType = file.storyboard; name = Base; path = Base.lproj/Main.storyboard; sourceTree = "<group>"; };
		E57F61561F160945008A99D0 /* Assets.xcassets */ = {isa = PBXFileReference; lastKnownFileType = folder.assetcatalog; path = Assets.xcassets; sourceTree = "<group>"; };
		E57F61591F160945008A99D0 /* Base */ = {isa = PBXFileReference; lastKnownFileType = file.storyboard; name = Base; path = Base.lproj/LaunchScreen.storyboard; sourceTree = "<group>"; };
		E57F615B1F160945008A99D0 /* Info.plist */ = {isa = PBXFileReference; lastKnownFileType = text.plist.xml; path = Info.plist; sourceTree = "<group>"; };
		E57F61601F160945008A99D0 /* testPIDTests.xctest */ = {isa = PBXFileReference; explicitFileType = wrapper.cfbundle; includeInIndex = 0; path = testPIDTests.xctest; sourceTree = BUILT_PRODUCTS_DIR; };
		E57F61641F160945008A99D0 /* testPIDTests.swift */ = {isa = PBXFileReference; lastKnownFileType = sourcecode.swift; path = testPIDTests.swift; sourceTree = "<group>"; };
		E57F61661F160945008A99D0 /* Info.plist */ = {isa = PBXFileReference; lastKnownFileType = text.plist.xml; path = Info.plist; sourceTree = "<group>"; };
		E57F616B1F160945008A99D0 /* testPIDUITests.xctest */ = {isa = PBXFileReference; explicitFileType = wrapper.cfbundle; includeInIndex = 0; path = testPIDUITests.xctest; sourceTree = BUILT_PRODUCTS_DIR; };
		E57F616F1F160945008A99D0 /* testPIDUITests.swift */ = {isa = PBXFileReference; lastKnownFileType = sourcecode.swift; path = testPIDUITests.swift; sourceTree = "<group>"; };
		E57F61711F160945008A99D0 /* Info.plist */ = {isa = PBXFileReference; lastKnownFileType = text.plist.xml; path = Info.plist; sourceTree = "<group>"; };
		E57F61B71F1657DC008A99D0 /* testPID-Bridging-Header.h */ = {isa = PBXFileReference; lastKnownFileType = sourcecode.c.h; path = "testPID-Bridging-Header.h"; sourceTree = "<group>"; };
		E57F61B81F1657DC008A99D0 /* Result.swift */ = {isa = PBXFileReference; fileEncoding = 4; lastKnownFileType = sourcecode.swift; path = Result.swift; sourceTree = SOURCE_ROOT; };
		E57F61B91F1657DC008A99D0 /* Socket.swift */ = {isa = PBXFileReference; fileEncoding = 4; lastKnownFileType = sourcecode.swift; path = Socket.swift; sourceTree = SOURCE_ROOT; };
		E57F61BA1F1657DC008A99D0 /* SwiftSocket.h */ = {isa = PBXFileReference; fileEncoding = 4; lastKnownFileType = sourcecode.c.h; path = SwiftSocket.h; sourceTree = SOURCE_ROOT; };
		E57F61BB1F1657DC008A99D0 /* TCPClient.swift */ = {isa = PBXFileReference; fileEncoding = 4; lastKnownFileType = sourcecode.swift; path = TCPClient.swift; sourceTree = SOURCE_ROOT; };
		E57F61BC1F1657DC008A99D0 /* UDPClient.swift */ = {isa = PBXFileReference; fileEncoding = 4; lastKnownFileType = sourcecode.swift; path = UDPClient.swift; sourceTree = SOURCE_ROOT; };
		E57F61BD1F1657DC008A99D0 /* ytcpsocket.c */ = {isa = PBXFileReference; fileEncoding = 4; lastKnownFileType = sourcecode.c.c; path = ytcpsocket.c; sourceTree = SOURCE_ROOT; };
		E57F61BE1F1657DC008A99D0 /* yudpsocket.c */ = {isa = PBXFileReference; fileEncoding = 4; lastKnownFileType = sourcecode.c.c; path = yudpsocket.c; sourceTree = SOURCE_ROOT; };
/* End PBXFileReference section */

/* Begin PBXFrameworksBuildPhase section */
		E57F61491F160945008A99D0 /* Frameworks */ = {
			isa = PBXFrameworksBuildPhase;
			buildActionMask = 2147483647;
			files = (
			);
			runOnlyForDeploymentPostprocessing = 0;
		};
		E57F615D1F160945008A99D0 /* Frameworks */ = {
			isa = PBXFrameworksBuildPhase;
			buildActionMask = 2147483647;
			files = (
			);
			runOnlyForDeploymentPostprocessing = 0;
		};
		E57F61681F160945008A99D0 /* Frameworks */ = {
			isa = PBXFrameworksBuildPhase;
			buildActionMask = 2147483647;
			files = (
			);
			runOnlyForDeploymentPostprocessing = 0;
		};
/* End PBXFrameworksBuildPhase section */

/* Begin PBXGroup section */
		E57F61431F160945008A99D0 = {
			isa = PBXGroup;
			children = (
				E57F614E1F160945008A99D0 /* testPID */,
				E57F61631F160945008A99D0 /* testPIDTests */,
				E57F616E1F160945008A99D0 /* testPIDUITests */,
				E57F614D1F160945008A99D0 /* Products */,
			);
			sourceTree = "<group>";
		};
		E57F614D1F160945008A99D0 /* Products */ = {
			isa = PBXGroup;
			children = (
				E57F614C1F160945008A99D0 /* testPID.app */,
				E57F61601F160945008A99D0 /* testPIDTests.xctest */,
				E57F616B1F160945008A99D0 /* testPIDUITests.xctest */,
			);
			name = Products;
			sourceTree = "<group>";
		};
		E57F614E1F160945008A99D0 /* testPID */ = {
			isa = PBXGroup;
			children = (
				E57F614F1F160945008A99D0 /* AppDelegate.swift */,
				E57F61511F160945008A99D0 /* ViewController.swift */,
				E57F61531F160945008A99D0 /* Main.storyboard */,
				E57F61B81F1657DC008A99D0 /* Result.swift */,
				E57F61B91F1657DC008A99D0 /* Socket.swift */,
				E57F61BA1F1657DC008A99D0 /* SwiftSocket.h */,
				E57F61BB1F1657DC008A99D0 /* TCPClient.swift */,
				E57F61BC1F1657DC008A99D0 /* UDPClient.swift */,
				E57F61BD1F1657DC008A99D0 /* ytcpsocket.c */,
				E57F61BE1F1657DC008A99D0 /* yudpsocket.c */,
				E57F61561F160945008A99D0 /* Assets.xcassets */,
				E57F61581F160945008A99D0 /* LaunchScreen.storyboard */,
				E57F615B1F160945008A99D0 /* Info.plist */,
				E57F61B71F1657DC008A99D0 /* testPID-Bridging-Header.h */,
			);
			path = testPID;
			sourceTree = "<group>";
		};
		E57F61631F160945008A99D0 /* testPIDTests */ = {
			isa = PBXGroup;
			children = (
				E57F61641F160945008A99D0 /* testPIDTests.swift */,
				E57F61661F160945008A99D0 /* Info.plist */,
			);
			path = testPIDTests;
			sourceTree = "<group>";
		};
		E57F616E1F160945008A99D0 /* testPIDUITests */ = {
			isa = PBXGroup;
			children = (
				E57F616F1F160945008A99D0 /* testPIDUITests.swift */,
				E57F61711F160945008A99D0 /* Info.plist */,
			);
			path = testPIDUITests;
			sourceTree = "<group>";
		};
/* End PBXGroup section */

/* Begin PBXNativeTarget section */
		E57F614B1F160945008A99D0 /* testPID */ = {
			isa = PBXNativeTarget;
			buildConfigurationList = E57F61741F160945008A99D0 /* Build configuration list for PBXNativeTarget "testPID" */;
			buildPhases = (
				E57F61481F160945008A99D0 /* Sources */,
				E57F61491F160945008A99D0 /* Frameworks */,
				E57F614A1F160945008A99D0 /* Resources */,
			);
			buildRules = (
			);
			dependencies = (
			);
			name = testPID;
			productName = testPID;
			productReference = E57F614C1F160945008A99D0 /* testPID.app */;
			productType = "com.apple.product-type.application";
		};
		E57F615F1F160945008A99D0 /* testPIDTests */ = {
			isa = PBXNativeTarget;
			buildConfigurationList = E57F61771F160945008A99D0 /* Build configuration list for PBXNativeTarget "testPIDTests" */;
			buildPhases = (
				E57F615C1F160945008A99D0 /* Sources */,
				E57F615D1F160945008A99D0 /* Frameworks */,
				E57F615E1F160945008A99D0 /* Resources */,
			);
			buildRules = (
			);
			dependencies = (
				E57F61621F160945008A99D0 /* PBXTargetDependency */,
			);
			name = testPIDTests;
			productName = testPIDTests;
			productReference = E57F61601F160945008A99D0 /* testPIDTests.xctest */;
			productType = "com.apple.product-type.bundle.unit-test";
		};
		E57F616A1F160945008A99D0 /* testPIDUITests */ = {
			isa = PBXNativeTarget;
			buildConfigurationList = E57F617A1F160945008A99D0 /* Build configuration list for PBXNativeTarget "testPIDUITests" */;
			buildPhases = (
				E57F61671F160945008A99D0 /* Sources */,
				E57F61681F160945008A99D0 /* Frameworks */,
				E57F61691F160945008A99D0 /* Resources */,
			);
			buildRules = (
			);
			dependencies = (
				E57F616D1F160945008A99D0 /* PBXTargetDependency */,
			);
			name = testPIDUITests;
			productName = testPIDUITests;
			productReference = E57F616B1F160945008A99D0 /* testPIDUITests.xctest */;
			productType = "com.apple.product-type.bundle.ui-testing";
		};
/* End PBXNativeTarget section */

/* Begin PBXProject section */
		E57F61441F160945008A99D0 /* Project object */ = {
			isa = PBXProject;
			attributes = {
				LastSwiftUpdateCheck = 0830;
				LastUpgradeCheck = 0830;
				ORGANIZATIONNAME = clm;
				TargetAttributes = {
					E57F614B1F160945008A99D0 = {
						CreatedOnToolsVersion = 8.3.3;
						DevelopmentTeam = 423NT4MUQS;
						LastSwiftMigration = 0830;
						ProvisioningStyle = Automatic;
					};
					E57F615F1F160945008A99D0 = {
						CreatedOnToolsVersion = 8.3.3;
						DevelopmentTeam = 423NT4MUQS;
						ProvisioningStyle = Automatic;
						TestTargetID = E57F614B1F160945008A99D0;
					};
					E57F616A1F160945008A99D0 = {
						CreatedOnToolsVersion = 8.3.3;
						DevelopmentTeam = 423NT4MUQS;
						ProvisioningStyle = Automatic;
						TestTargetID = E57F614B1F160945008A99D0;
					};
				};
			};
			buildConfigurationList = E57F61471F160945008A99D0 /* Build configuration list for PBXProject "testPID" */;
			compatibilityVersion = "Xcode 3.2";
			developmentRegion = English;
			hasScannedForEncodings = 0;
			knownRegions = (
				en,
				Base,
			);
			mainGroup = E57F61431F160945008A99D0;
			productRefGroup = E57F614D1F160945008A99D0 /* Products */;
			projectDirPath = "";
			projectRoot = "";
			targets = (
				E57F614B1F160945008A99D0 /* testPID */,
				E57F615F1F160945008A99D0 /* testPIDTests */,
				E57F616A1F160945008A99D0 /* testPIDUITests */,
			);
		};
/* End PBXProject section */

/* Begin PBXResourcesBuildPhase section */
		E57F614A1F160945008A99D0 /* Resources */ = {
			isa = PBXResourcesBuildPhase;
			buildActionMask = 2147483647;
			files = (
				E57F615A1F160945008A99D0 /* LaunchScreen.storyboard in Resources */,
				E57F61571F160945008A99D0 /* Assets.xcassets in Resources */,
				E57F61551F160945008A99D0 /* Main.storyboard in Resources */,
			);
			runOnlyForDeploymentPostprocessing = 0;
		};
		E57F615E1F160945008A99D0 /* Resources */ = {
			isa = PBXResourcesBuildPhase;
			buildActionMask = 2147483647;
			files = (
			);
			runOnlyForDeploymentPostprocessing = 0;
		};
		E57F61691F160945008A99D0 /* Resources */ = {
			isa = PBXResourcesBuildPhase;
			buildActionMask = 2147483647;
			files = (
			);
			runOnlyForDeploymentPostprocessing = 0;
		};
/* End PBXResourcesBuildPhase section */

/* Begin PBXSourcesBuildPhase section */
		E57F61481F160945008A99D0 /* Sources */ = {
			isa = PBXSourcesBuildPhase;
			buildActionMask = 2147483647;
			files = (
				E57F61C41F1657DC008A99D0 /* yudpsocket.c in Sources */,
				E57F61C21F1657DC008A99D0 /* UDPClient.swift in Sources */,
				E57F61C01F1657DC008A99D0 /* Socket.swift in Sources */,
				E57F61C11F1657DC008A99D0 /* TCPClient.swift in Sources */,
				E57F61BF1F1657DC008A99D0 /* Result.swift in Sources */,
				E57F61521F160945008A99D0 /* ViewController.swift in Sources */,
				E57F61501F160945008A99D0 /* AppDelegate.swift in Sources */,
				E57F61C31F1657DC008A99D0 /* ytcpsocket.c in Sources */,
			);
			runOnlyForDeploymentPostprocessing = 0;
		};
		E57F615C1F160945008A99D0 /* Sources */ = {
			isa = PBXSourcesBuildPhase;
			buildActionMask = 2147483647;
			files = (
				E57F61651F160945008A99D0 /* testPIDTests.swift in Sources */,
			);
			runOnlyForDeploymentPostprocessing = 0;
		};
		E57F61671F160945008A99D0 /* Sources */ = {
			isa = PBXSourcesBuildPhase;
			buildActionMask = 2147483647;
			files = (
				E57F61701F160945008A99D0 /* testPIDUITests.swift in Sources */,
			);
			runOnlyForDeploymentPostprocessing = 0;
		};
/* End PBXSourcesBuildPhase section */

/* Begin PBXTargetDependency section */
		E57F61621F160945008A99D0 /* PBXTargetDependency */ = {
			isa = PBXTargetDependency;
			target = E57F614B1F160945008A99D0 /* testPID */;
			targetProxy = E57F61611F160945008A99D0 /* PBXContainerItemProxy */;
		};
		E57F616D1F160945008A99D0 /* PBXTargetDependency */ = {
			isa = PBXTargetDependency;
			target = E57F614B1F160945008A99D0 /* testPID */;
			targetProxy = E57F616C1F160945008A99D0 /* PBXContainerItemProxy */;
		};
/* End PBXTargetDependency section */

/* Begin PBXVariantGroup section */
		E57F61531F160945008A99D0 /* Main.storyboard */ = {
			isa = PBXVariantGroup;
			children = (
				E57F61541F160945008A99D0 /* Base */,
			);
			name = Main.storyboard;
			sourceTree = "<group>";
		};
		E57F61581F160945008A99D0 /* LaunchScreen.storyboard */ = {
			isa = PBXVariantGroup;
			children = (
				E57F61591F160945008A99D0 /* Base */,
			);
			name = LaunchScreen.storyboard;
			sourceTree = "<group>";
		};
/* End PBXVariantGroup section */

/* Begin XCBuildConfiguration section */
		E57F61721F160945008A99D0 /* Debug */ = {
			isa = XCBuildConfiguration;
			buildSettings = {
				ALWAYS_SEARCH_USER_PATHS = NO;
				CLANG_ANALYZER_NONNULL = YES;
				CLANG_ANALYZER_NUMBER_OBJECT_CONVERSION = YES_AGGRESSIVE;
				CLANG_CXX_LANGUAGE_STANDARD = "gnu++0x";
				CLANG_CXX_LIBRARY = "libc++";
				CLANG_ENABLE_MODULES = YES;
				CLANG_ENABLE_OBJC_ARC = YES;
				CLANG_WARN_BOOL_CONVERSION = YES;
				CLANG_WARN_CONSTANT_CONVERSION = YES;
				CLANG_WARN_DIRECT_OBJC_ISA_USAGE = YES_ERROR;
				CLANG_WARN_DOCUMENTATION_COMMENTS = YES;
				CLANG_WARN_EMPTY_BODY = YES;
				CLANG_WARN_ENUM_CONVERSION = YES;
				CLANG_WARN_INFINITE_RECURSION = YES;
				CLANG_WARN_INT_CONVERSION = YES;
				CLANG_WARN_OBJC_ROOT_CLASS = YES_ERROR;
				CLANG_WARN_SUSPICIOUS_MOVE = YES;
				CLANG_WARN_UNREACHABLE_CODE = YES;
				CLANG_WARN__DUPLICATE_METHOD_MATCH = YES;
				"CODE_SIGN_IDENTITY[sdk=iphoneos*]" = "iPhone Developer";
				COPY_PHASE_STRIP = NO;
				DEBUG_INFORMATION_FORMAT = dwarf;
				ENABLE_STRICT_OBJC_MSGSEND = YES;
				ENABLE_TESTABILITY = YES;
				GCC_C_LANGUAGE_STANDARD = gnu99;
				GCC_DYNAMIC_NO_PIC = NO;
				GCC_NO_COMMON_BLOCKS = YES;
				GCC_OPTIMIZATION_LEVEL = 0;
				GCC_PREPROCESSOR_DEFINITIONS = (
					"DEBUG=1",
					"$(inherited)",
				);
				GCC_WARN_64_TO_32_BIT_CONVERSION = YES;
				GCC_WARN_ABOUT_RETURN_TYPE = YES_ERROR;
				GCC_WARN_UNDECLARED_SELECTOR = YES;
				GCC_WARN_UNINITIALIZED_AUTOS = YES_AGGRESSIVE;
				GCC_WARN_UNUSED_FUNCTION = YES;
				GCC_WARN_UNUSED_VARIABLE = YES;
				IPHONEOS_DEPLOYMENT_TARGET = 10.3;
				MTL_ENABLE_DEBUG_INFO = YES;
				ONLY_ACTIVE_ARCH = YES;
				SDKROOT = iphoneos;
				SWIFT_ACTIVE_COMPILATION_CONDITIONS = DEBUG;
				SWIFT_OPTIMIZATION_LEVEL = "-Onone";
				TARGETED_DEVICE_FAMILY = "1,2";
			};
			name = Debug;
		};
		E57F61731F160945008A99D0 /* Release */ = {
			isa = XCBuildConfiguration;
			buildSettings = {
				ALWAYS_SEARCH_USER_PATHS = NO;
				CLANG_ANALYZER_NONNULL = YES;
				CLANG_ANALYZER_NUMBER_OBJECT_CONVERSION = YES_AGGRESSIVE;
				CLANG_CXX_LANGUAGE_STANDARD = "gnu++0x";
				CLANG_CXX_LIBRARY = "libc++";
				CLANG_ENABLE_MODULES = YES;
				CLANG_ENABLE_OBJC_ARC = YES;
				CLANG_WARN_BOOL_CONVERSION = YES;
				CLANG_WARN_CONSTANT_CONVERSION = YES;
				CLANG_WARN_DIRECT_OBJC_ISA_USAGE = YES_ERROR;
				CLANG_WARN_DOCUMENTATION_COMMENTS = YES;
				CLANG_WARN_EMPTY_BODY = YES;
				CLANG_WARN_ENUM_CONVERSION = YES;
				CLANG_WARN_INFINITE_RECURSION = YES;
				CLANG_WARN_INT_CONVERSION = YES;
				CLANG_WARN_OBJC_ROOT_CLASS = YES_ERROR;
				CLANG_WARN_SUSPICIOUS_MOVE = YES;
				CLANG_WARN_UNREACHABLE_CODE = YES;
				CLANG_WARN__DUPLICATE_METHOD_MATCH = YES;
				"CODE_SIGN_IDENTITY[sdk=iphoneos*]" = "iPhone Developer";
				COPY_PHASE_STRIP = NO;
				DEBUG_INFORMATION_FORMAT = "dwarf-with-dsym";
				ENABLE_NS_ASSERTIONS = NO;
				ENABLE_STRICT_OBJC_MSGSEND = YES;
				GCC_C_LANGUAGE_STANDARD = gnu99;
				GCC_NO_COMMON_BLOCKS = YES;
				GCC_WARN_64_TO_32_BIT_CONVERSION = YES;
				GCC_WARN_ABOUT_RETURN_TYPE = YES_ERROR;
				GCC_WARN_UNDECLARED_SELECTOR = YES;
				GCC_WARN_UNINITIALIZED_AUTOS = YES_AGGRESSIVE;
				GCC_WARN_UNUSED_FUNCTION = YES;
				GCC_WARN_UNUSED_VARIABLE = YES;
				IPHONEOS_DEPLOYMENT_TARGET = 10.3;
				MTL_ENABLE_DEBUG_INFO = NO;
				SDKROOT = iphoneos;
				SWIFT_OPTIMIZATION_LEVEL = "-Owholemodule";
				TARGETED_DEVICE_FAMILY = "1,2";
				VALIDATE_PRODUCT = YES;
			};
			name = Release;
		};
		E57F61751F160945008A99D0 /* Debug */ = {
			isa = XCBuildConfiguration;
			buildSettings = {
				ASSETCATALOG_COMPILER_APPICON_NAME = AppIcon;
				CLANG_ENABLE_MODULES = YES;
				DEVELOPMENT_TEAM = 423NT4MUQS;
				INFOPLIST_FILE = testPID/Info.plist;
				LD_RUNPATH_SEARCH_PATHS = "$(inherited) @executable_path/Frameworks";
				PRODUCT_BUNDLE_IDENTIFIER = imnu.edu.cn.testPID;
				PRODUCT_NAME = "$(TARGET_NAME)";
				SWIFT_OBJC_BRIDGING_HEADER = "testPID/testPID-Bridging-Header.h";
				SWIFT_OPTIMIZATION_LEVEL = "-Onone";
				SWIFT_VERSION = 3.0;
			};
			name = Debug;
		};
		E57F61761F160945008A99D0 /* Release */ = {
			isa = XCBuildConfiguration;
			buildSettings = {
				ASSETCATALOG_COMPILER_APPICON_NAME = AppIcon;
				CLANG_ENABLE_MODULES = YES;
				DEVELOPMENT_TEAM = 423NT4MUQS;
				INFOPLIST_FILE = testPID/Info.plist;
				LD_RUNPATH_SEARCH_PATHS = "$(inherited) @executable_path/Frameworks";
				PRODUCT_BUNDLE_IDENTIFIER = imnu.edu.cn.testPID;
				PRODUCT_NAME = "$(TARGET_NAME)";
				SWIFT_OBJC_BRIDGING_HEADER = "testPID/testPID-Bridging-Header.h";
				SWIFT_VERSION = 3.0;
			};
			name = Release;
		};
		E57F61781F160945008A99D0 /* Debug */ = {
			isa = XCBuildConfiguration;
			buildSettings = {
				ALWAYS_EMBED_SWIFT_STANDARD_LIBRARIES = YES;
				BUNDLE_LOADER = "$(TEST_HOST)";
				DEVELOPMENT_TEAM = 423NT4MUQS;
				INFOPLIST_FILE = testPIDTests/Info.plist;
				LD_RUNPATH_SEARCH_PATHS = "$(inherited) @executable_path/Frameworks @loader_path/Frameworks";
				PRODUCT_BUNDLE_IDENTIFIER = imnu.edu.cn.testPIDTests;
				PRODUCT_NAME = "$(TARGET_NAME)";
				SWIFT_VERSION = 3.0;
				TEST_HOST = "$(BUILT_PRODUCTS_DIR)/testPID.app/testPID";
			};
			name = Debug;
		};
		E57F61791F160945008A99D0 /* Release */ = {
			isa = XCBuildConfiguration;
			buildSettings = {
				ALWAYS_EMBED_SWIFT_STANDARD_LIBRARIES = YES;
				BUNDLE_LOADER = "$(TEST_HOST)";
				DEVELOPMENT_TEAM = 423NT4MUQS;
				INFOPLIST_FILE = testPIDTests/Info.plist;
				LD_RUNPATH_SEARCH_PATHS = "$(inherited) @executable_path/Frameworks @loader_path/Frameworks";
				PRODUCT_BUNDLE_IDENTIFIER = imnu.edu.cn.testPIDTests;
				PRODUCT_NAME = "$(TARGET_NAME)";
				SWIFT_VERSION = 3.0;
				TEST_HOST = "$(BUILT_PRODUCTS_DIR)/testPID.app/testPID";
			};
			name = Release;
		};
		E57F617B1F160945008A99D0 /* Debug */ = {
			isa = XCBuildConfiguration;
			buildSettings = {
				ALWAYS_EMBED_SWIFT_STANDARD_LIBRARIES = YES;
				DEVELOPMENT_TEAM = 423NT4MUQS;
				INFOPLIST_FILE = testPIDUITests/Info.plist;
				LD_RUNPATH_SEARCH_PATHS = "$(inherited) @executable_path/Frameworks @loader_path/Frameworks";
				PRODUCT_BUNDLE_IDENTIFIER = imnu.edu.cn.testPIDUITests;
				PRODUCT_NAME = "$(TARGET_NAME)";
				SWIFT_VERSION = 3.0;
				TEST_TARGET_NAME = testPID;
			};
			name = Debug;
		};
		E57F617C1F160945008A99D0 /* Release */ = {
			isa = XCBuildConfiguration;
			buildSettings = {
				ALWAYS_EMBED_SWIFT_STANDARD_LIBRARIES = YES;
				DEVELOPMENT_TEAM = 423NT4MUQS;
				INFOPLIST_FILE = testPIDUITests/Info.plist;
				LD_RUNPATH_SEARCH_PATHS = "$(inherited) @executable_path/Frameworks @loader_path/Frameworks";
				PRODUCT_BUNDLE_IDENTIFIER = imnu.edu.cn.testPIDUITests;
				PRODUCT_NAME = "$(TARGET_NAME)";
				SWIFT_VERSION = 3.0;
				TEST_TARGET_NAME = testPID;
			};
			name = Release;
		};
/* End XCBuildConfiguration section */

/* Begin XCConfigurationList section */
		E57F61471F160945008A99D0 /* Build configuration list for PBXProject "testPID" */ = {
			isa = XCConfigurationList;
			buildConfigurations = (
				E57F61721F160945008A99D0 /* Debug */,
				E57F61731F160945008A99D0 /* Release */,
			);
			defaultConfigurationIsVisible = 0;
			defaultConfigurationName = Release;
		};
		E57F61741F160945008A99D0 /* Build configuration list for PBXNativeTarget "testPID" */ = {
			isa = XCConfigurationList;
			buildConfigurations = (
				E57F61751F160945008A99D0 /* Debug */,
				E57F61761F160945008A99D0 /* Release */,
			);
			defaultConfigurationIsVisible = 0;
			defaultConfigurationName = Release;
		};
		E57F61771F160945008A99D0 /* Build configuration list for PBXNativeTarget "testPIDTests" */ = {
			isa = XCConfigurationList;
			buildConfigurations = (
				E57F61781F160945008A99D0 /* Debug */,
				E57F61791F160945008A99D0 /* Release */,
			);
			defaultConfigurationIsVisible = 0;
			defaultConfigurationName = Release;
		};
		E57F617A1F160945008A99D0 /* Build configuration list for PBXNativeTarget "testPIDUITests" */ = {
			isa = XCConfigurationList;
			buildConfigurations = (
				E57F617B1F160945008A99D0 /* Debug */,
				E57F617C1F160945008A99D0 /* Release */,
			);
			defaultConfigurationIsVisible = 0;
			defaultConfigurationName = Release;
		};
/* End XCConfigurationList section */
	};
	rootObject = E57F61441F160945008A99D0 /* Project object */;
}
